// !$*UTF8*$!
{
	archiveVersion = 1;
	classes = {
	};
	objectVersion = 50;
	objects = {

/* Begin PBXBuildFile section */
		11EC197026B32F3E008E1125 /* AppDelegate.swift in Sources */ = {isa = PBXBuildFile; fileRef = 11EC196F26B32F3E008E1125 /* AppDelegate.swift */; };
		11EC197226B32F3E008E1125 /* SceneDelegate.swift in Sources */ = {isa = PBXBuildFile; fileRef = 11EC197126B32F3E008E1125 /* SceneDelegate.swift */; };
		11EC197426B32F3E008E1125 /* ViewController.swift in Sources */ = {isa = PBXBuildFile; fileRef = 11EC197326B32F3E008E1125 /* ViewController.swift */; };
		11EC197726B32F3E008E1125 /* Main.storyboard in Resources */ = {isa = PBXBuildFile; fileRef = 11EC197526B32F3E008E1125 /* Main.storyboard */; };
		11EC197926B32F42008E1125 /* Assets.xcassets in Resources */ = {isa = PBXBuildFile; fileRef = 11EC197826B32F42008E1125 /* Assets.xcassets */; };
		11EC197C26B32F42008E1125 /* LaunchScreen.storyboard in Resources */ = {isa = PBXBuildFile; fileRef = 11EC197A26B32F42008E1125 /* LaunchScreen.storyboard */; };
		C4175E96F6B4A953A901F1A4 /* Pods_JWPlayerKit_IssueReproduction.framework in Frameworks */ = {isa = PBXBuildFile; fileRef = 7C82F7EBE4BB510CC3650739 /* Pods_JWPlayerKit_IssueReproduction.framework */; };
/* End PBXBuildFile section */

/* Begin PBXFileReference section */
		11EC196C26B32F3E008E1125 /* JWPlayerKit-IssueReproduction.app */ = {isa = PBXFileReference; explicitFileType = wrapper.application; includeInIndex = 0; path = "JWPlayerKit-IssueReproduction.app"; sourceTree = BUILT_PRODUCTS_DIR; };
		11EC196F26B32F3E008E1125 /* AppDelegate.swift */ = {isa = PBXFileReference; lastKnownFileType = sourcecode.swift; path = AppDelegate.swift; sourceTree = "<group>"; };
		11EC197126B32F3E008E1125 /* SceneDelegate.swift */ = {isa = PBXFileReference; lastKnownFileType = sourcecode.swift; path = SceneDelegate.swift; sourceTree = "<group>"; };
		11EC197326B32F3E008E1125 /* ViewController.swift */ = {isa = PBXFileReference; lastKnownFileType = sourcecode.swift; path = ViewController.swift; sourceTree = "<group>"; };
		11EC197626B32F3E008E1125 /* Base */ = {isa = PBXFileReference; lastKnownFileType = file.storyboard; name = Base; path = Base.lproj/Main.storyboard; sourceTree = "<group>"; };
		11EC197826B32F42008E1125 /* Assets.xcassets */ = {isa = PBXFileReference; lastKnownFileType = folder.assetcatalog; path = Assets.xcassets; sourceTree = "<group>"; };
		11EC197B26B32F42008E1125 /* Base */ = {isa = PBXFileReference; lastKnownFileType = file.storyboard; name = Base; path = Base.lproj/LaunchScreen.storyboard; sourceTree = "<group>"; };
		11EC197D26B32F42008E1125 /* Info.plist */ = {isa = PBXFileReference; lastKnownFileType = text.plist.xml; path = Info.plist; sourceTree = "<group>"; };
		76A015716535DDFCE82E43F0 /* Pods-JWPlayerKit-IssueReproduction.release.xcconfig */ = {isa = PBXFileReference; includeInIndex = 1; lastKnownFileType = text.xcconfig; name = "Pods-JWPlayerKit-IssueReproduction.release.xcconfig"; path = "Target Support Files/Pods-JWPlayerKit-IssueReproduction/Pods-JWPlayerKit-IssueReproduction.release.xcconfig"; sourceTree = "<group>"; };
		7C82F7EBE4BB510CC3650739 /* Pods_JWPlayerKit_IssueReproduction.framework */ = {isa = PBXFileReference; explicitFileType = wrapper.framework; includeInIndex = 0; path = Pods_JWPlayerKit_IssueReproduction.framework; sourceTree = BUILT_PRODUCTS_DIR; };
		A6AED35F9C27909F10FA1458 /* Pods-JWPlayerKit-IssueReproduction.debug.xcconfig */ = {isa = PBXFileReference; includeInIndex = 1; lastKnownFileType = text.xcconfig; name = "Pods-JWPlayerKit-IssueReproduction.debug.xcconfig"; path = "Target Support Files/Pods-JWPlayerKit-IssueReproduction/Pods-JWPlayerKit-IssueReproduction.debug.xcconfig"; sourceTree = "<group>"; };
/* End PBXFileReference section */

/* Begin PBXFrameworksBuildPhase section */
		11EC196926B32F3E008E1125 /* Frameworks */ = {
			isa = PBXFrameworksBuildPhase;
			buildActionMask = 2147483647;
			files = (
				C4175E96F6B4A953A901F1A4 /* Pods_JWPlayerKit_IssueReproduction.framework in Frameworks */,
			);
			runOnlyForDeploymentPostprocessing = 0;
		};
/* End PBXFrameworksBuildPhase section */

/* Begin PBXGroup section */
		11EC196326B32F3E008E1125 = {
			isa = PBXGroup;
			children = (
				11EC196E26B32F3E008E1125 /* JWPlayerKit-IssueReproduction */,
				11EC196D26B32F3E008E1125 /* Products */,
				12E03EE58320AC661BFC3EB8 /* Pods */,
				79675AD265A036AC5CA27949 /* Frameworks */,
			);
			sourceTree = "<group>";
		};
		11EC196D26B32F3E008E1125 /* Products */ = {
			isa = PBXGroup;
			children = (
				11EC196C26B32F3E008E1125 /* JWPlayerKit-IssueReproduction.app */,
			);
			name = Products;
			sourceTree = "<group>";
		};
		11EC196E26B32F3E008E1125 /* JWPlayerKit-IssueReproduction */ = {
			isa = PBXGroup;
			children = (
				11EC196F26B32F3E008E1125 /* AppDelegate.swift */,
				11EC197126B32F3E008E1125 /* SceneDelegate.swift */,
				11EC197326B32F3E008E1125 /* ViewController.swift */,
				11EC197526B32F3E008E1125 /* Main.storyboard */,
				11EC197826B32F42008E1125 /* Assets.xcassets */,
				11EC197A26B32F42008E1125 /* LaunchScreen.storyboard */,
				11EC197D26B32F42008E1125 /* Info.plist */,
			);
			path = "JWPlayerKit-IssueReproduction";
			sourceTree = "<group>";
		};
		12E03EE58320AC661BFC3EB8 /* Pods */ = {
			isa = PBXGroup;
			children = (
				A6AED35F9C27909F10FA1458 /* Pods-JWPlayerKit-IssueReproduction.debug.xcconfig */,
				76A015716535DDFCE82E43F0 /* Pods-JWPlayerKit-IssueReproduction.release.xcconfig */,
			);
			name = Pods;
			path = Pods;
			sourceTree = "<group>";
		};
		79675AD265A036AC5CA27949 /* Frameworks */ = {
			isa = PBXGroup;
			children = (
				7C82F7EBE4BB510CC3650739 /* Pods_JWPlayerKit_IssueReproduction.framework */,
			);
			name = Frameworks;
			sourceTree = "<group>";
		};
/* End PBXGroup section */

/* Begin PBXNativeTarget section */
		11EC196B26B32F3E008E1125 /* JWPlayerKit-IssueReproduction */ = {
			isa = PBXNativeTarget;
			buildConfigurationList = 11EC198026B32F42008E1125 /* Build configuration list for PBXNativeTarget "JWPlayerKit-IssueReproduction" */;
			buildPhases = (
				BB60967F226EBF75A5774925 /* [CP] Check Pods Manifest.lock */,
				11EC196826B32F3E008E1125 /* Sources */,
				11EC196926B32F3E008E1125 /* Frameworks */,
				11EC196A26B32F3E008E1125 /* Resources */,
				1FBC383C063EC6DB3C1CF0A9 /* [CP] Embed Pods Frameworks */,
			);
			buildRules = (
			);
			dependencies = (
			);
			name = "JWPlayerKit-IssueReproduction";
			productName = "JWPlayerKit-IssueReproduction";
			productReference = 11EC196C26B32F3E008E1125 /* JWPlayerKit-IssueReproduction.app */;
			productType = "com.apple.product-type.application";
		};
/* End PBXNativeTarget section */

/* Begin PBXProject section */
		11EC196426B32F3E008E1125 /* Project object */ = {
			isa = PBXProject;
			attributes = {
				LastSwiftUpdateCheck = 1250;
				LastUpgradeCheck = 1250;
				TargetAttributes = {
					11EC196B26B32F3E008E1125 = {
						CreatedOnToolsVersion = 12.5.1;
					};
				};
			};
			buildConfigurationList = 11EC196726B32F3E008E1125 /* Build configuration list for PBXProject "JWPlayerKit-IssueReproduction" */;
			compatibilityVersion = "Xcode 9.3";
			developmentRegion = en;
			hasScannedForEncodings = 0;
			knownRegions = (
				en,
				Base,
			);
			mainGroup = 11EC196326B32F3E008E1125;
			productRefGroup = 11EC196D26B32F3E008E1125 /* Products */;
			projectDirPath = "";
			projectRoot = "";
			targets = (
				11EC196B26B32F3E008E1125 /* JWPlayerKit-IssueReproduction */,
			);
		};
/* End PBXProject section */

/* Begin PBXResourcesBuildPhase section */
		11EC196A26B32F3E008E1125 /* Resources */ = {
			isa = PBXResourcesBuildPhase;
			buildActionMask = 2147483647;
			files = (
				11EC197C26B32F42008E1125 /* LaunchScreen.storyboard in Resources */,
				11EC197926B32F42008E1125 /* Assets.xcassets in Resources */,
				11EC197726B32F3E008E1125 /* Main.storyboard in Resources */,
			);
			runOnlyForDeploymentPostprocessing = 0;
		};
/* End PBXResourcesBuildPhase section */

/* Begin PBXShellScriptBuildPhase section */
		1FBC383C063EC6DB3C1CF0A9 /* [CP] Embed Pods Frameworks */ = {
			isa = PBXShellScriptBuildPhase;
			buildActionMask = 2147483647;
			files = (
			);
			inputFileListPaths = (
				"${PODS_ROOT}/Target Support Files/Pods-JWPlayerKit-IssueReproduction/Pods-JWPlayerKit-IssueReproduction-frameworks-${CONFIGURATION}-input-files.xcfilelist",
			);
			name = "[CP] Embed Pods Frameworks";
			outputFileListPaths = (
				"${PODS_ROOT}/Target Support Files/Pods-JWPlayerKit-IssueReproduction/Pods-JWPlayerKit-IssueReproduction-frameworks-${CONFIGURATION}-output-files.xcfilelist",
			);
			runOnlyForDeploymentPostprocessing = 0;
			shellPath = /bin/sh;
			shellScript = "\"${PODS_ROOT}/Target Support Files/Pods-JWPlayerKit-IssueReproduction/Pods-JWPlayerKit-IssueReproduction-frameworks.sh\"\n";
			showEnvVarsInLog = 0;
		};
		BB60967F226EBF75A5774925 /* [CP] Check Pods Manifest.lock */ = {
			isa = PBXShellScriptBuildPhase;
			buildActionMask = 2147483647;
			files = (
			);
			inputFileListPaths = (
			);
			inputPaths = (
				"${PODS_PODFILE_DIR_PATH}/Podfile.lock",
				"${PODS_ROOT}/Manifest.lock",
			);
			name = "[CP] Check Pods Manifest.lock";
			outputFileListPaths = (
			);
			outputPaths = (
				"$(DERIVED_FILE_DIR)/Pods-JWPlayerKit-IssueReproduction-checkManifestLockResult.txt",
			);
			runOnlyForDeploymentPostprocessing = 0;
			shellPath = /bin/sh;
			shellScript = "diff \"${PODS_PODFILE_DIR_PATH}/Podfile.lock\" \"${PODS_ROOT}/Manifest.lock\" > /dev/null\nif [ $? != 0 ] ; then\n    # print error to STDERR\n    echo \"error: The sandbox is not in sync with the Podfile.lock. Run 'pod install' or update your CocoaPods installation.\" >&2\n    exit 1\nfi\n# This output is used by Xcode 'outputs' to avoid re-running this script phase.\necho \"SUCCESS\" > \"${SCRIPT_OUTPUT_FILE_0}\"\n";
			showEnvVarsInLog = 0;
		};
/* End PBXShellScriptBuildPhase section */

/* Begin PBXSourcesBuildPhase section */
		11EC196826B32F3E008E1125 /* Sources */ = {
			isa = PBXSourcesBuildPhase;
			buildActionMask = 2147483647;
			files = (
				11EC197426B32F3E008E1125 /* ViewController.swift in Sources */,
				11EC197026B32F3E008E1125 /* AppDelegate.swift in Sources */,
				11EC197226B32F3E008E1125 /* SceneDelegate.swift in Sources */,
			);
			runOnlyForDeploymentPostprocessing = 0;
		};
/* End PBXSourcesBuildPhase section */

/* Begin PBXVariantGroup section */
		11EC197526B32F3E008E1125 /* Main.storyboard */ = {
			isa = PBXVariantGroup;
			children = (
				11EC197626B32F3E008E1125 /* Base */,
			);
			name = Main.storyboard;
			sourceTree = "<group>";
		};
		11EC197A26B32F42008E1125 /* LaunchScreen.storyboard */ = {
			isa = PBXVariantGroup;
			children = (
				11EC197B26B32F42008E1125 /* Base */,
			);
			name = LaunchScreen.storyboard;
			sourceTree = "<group>";
		};
/* End PBXVariantGroup section */

/* Begin XCBuildConfiguration section */
		11EC197E26B32F42008E1125 /* Debug */ = {
			isa = XCBuildConfiguration;
			buildSettings = {
				ALWAYS_SEARCH_USER_PATHS = NO;
				CLANG_ANALYZER_NONNULL = YES;
				CLANG_ANALYZER_NUMBER_OBJECT_CONVERSION = YES_AGGRESSIVE;
				CLANG_CXX_LANGUAGE_STANDARD = "gnu++14";
				CLANG_CXX_LIBRARY = "libc++";
				CLANG_ENABLE_MODULES = YES;
				CLANG_ENABLE_OBJC_ARC = YES;
				CLANG_ENABLE_OBJC_WEAK = YES;
				CLANG_WARN_BLOCK_CAPTURE_AUTORELEASING = YES;
				CLANG_WARN_BOOL_CONVERSION = YES;
				CLANG_WARN_COMMA = YES;
				CLANG_WARN_CONSTANT_CONVERSION = YES;
				CLANG_WARN_DEPRECATED_OBJC_IMPLEMENTATIONS = YES;
				CLANG_WARN_DIRECT_OBJC_ISA_USAGE = YES_ERROR;
				CLANG_WARN_DOCUMENTATION_COMMENTS = YES;
				CLANG_WARN_EMPTY_BODY = YES;
				CLANG_WARN_ENUM_CONVERSION = YES;
				CLANG_WARN_INFINITE_RECURSION = YES;
				CLANG_WARN_INT_CONVERSION = YES;
				CLANG_WARN_NON_LITERAL_NULL_CONVERSION = YES;
				CLANG_WARN_OBJC_IMPLICIT_RETAIN_SELF = YES;
				CLANG_WARN_OBJC_LITERAL_CONVERSION = YES;
				CLANG_WARN_OBJC_ROOT_CLASS = YES_ERROR;
				CLANG_WARN_QUOTED_INCLUDE_IN_FRAMEWORK_HEADER = YES;
				CLANG_WARN_RANGE_LOOP_ANALYSIS = YES;
				CLANG_WARN_STRICT_PROTOTYPES = YES;
				CLANG_WARN_SUSPICIOUS_MOVE = YES;
				CLANG_WARN_UNGUARDED_AVAILABILITY = YES_AGGRESSIVE;
				CLANG_WARN_UNREACHABLE_CODE = YES;
				CLANG_WARN__DUPLICATE_METHOD_MATCH = YES;
				COPY_PHASE_STRIP = NO;
				DEBUG_INFORMATION_FORMAT = dwarf;
				ENABLE_STRICT_OBJC_MSGSEND = YES;
				ENABLE_TESTABILITY = YES;
				GCC_C_LANGUAGE_STANDARD = gnu11;
				GCC_DYNAMIC_NO_PIC = NO;
				GCC_NO_COMMON_BLOCKS = YES;
				GCC_OPTIMIZATION_LEVEL = 0;
				GCC_PREPROCESSOR_DEFINITIONS = (
					"DEBUG=1",
					"$(inherited)",
				);
				GCC_WARN_64_TO_32_BIT_CONVERSION = YES;
				GCC_WARN_ABOUT_RETURN_TYPE = YES_ERROR;
				GCC_WARN_UNDECLARED_SELECTOR = YES;
				GCC_WARN_UNINITIALIZED_AUTOS = YES_AGGRESSIVE;
				GCC_WARN_UNUSED_FUNCTION = YES;
				GCC_WARN_UNUSED_VARIABLE = YES;
				IPHONEOS_DEPLOYMENT_TARGET = 14.5;
				MTL_ENABLE_DEBUG_INFO = INCLUDE_SOURCE;
				MTL_FAST_MATH = YES;
				ONLY_ACTIVE_ARCH = YES;
				SDKROOT = iphoneos;
				SWIFT_ACTIVE_COMPILATION_CONDITIONS = DEBUG;
				SWIFT_OPTIMIZATION_LEVEL = "-Onone";
			};
			name = Debug;
		};
		11EC197F26B32F42008E1125 /* Release */ = {
			isa = XCBuildConfiguration;
			buildSettings = {
				ALWAYS_SEARCH_USER_PATHS = NO;
				CLANG_ANALYZER_NONNULL = YES;
				CLANG_ANALYZER_NUMBER_OBJECT_CONVERSION = YES_AGGRESSIVE;
				CLANG_CXX_LANGUAGE_STANDARD = "gnu++14";
				CLANG_CXX_LIBRARY = "libc++";
				CLANG_ENABLE_MODULES = YES;
				CLANG_ENABLE_OBJC_ARC = YES;
				CLANG_ENABLE_OBJC_WEAK = YES;
				CLANG_WARN_BLOCK_CAPTURE_AUTORELEASING = YES;
				CLANG_WARN_BOOL_CONVERSION = YES;
				CLANG_WARN_COMMA = YES;
				CLANG_WARN_CONSTANT_CONVERSION = YES;
				CLANG_WARN_DEPRECATED_OBJC_IMPLEMENTATIONS = YES;
				CLANG_WARN_DIRECT_OBJC_ISA_USAGE = YES_ERROR;
				CLANG_WARN_DOCUMENTATION_COMMENTS = YES;
				CLANG_WARN_EMPTY_BODY = YES;
				CLANG_WARN_ENUM_CONVERSION = YES;
				CLANG_WARN_INFINITE_RECURSION = YES;
				CLANG_WARN_INT_CONVERSION = YES;
				CLANG_WARN_NON_LITERAL_NULL_CONVERSION = YES;
				CLANG_WARN_OBJC_IMPLICIT_RETAIN_SELF = YES;
				CLANG_WARN_OBJC_LITERAL_CONVERSION = YES;
				CLANG_WARN_OBJC_ROOT_CLASS = YES_ERROR;
				CLANG_WARN_QUOTED_INCLUDE_IN_FRAMEWORK_HEADER = YES;
				CLANG_WARN_RANGE_LOOP_ANALYSIS = YES;
				CLANG_WARN_STRICT_PROTOTYPES = YES;
				CLANG_WARN_SUSPICIOUS_MOVE = YES;
				CLANG_WARN_UNGUARDED_AVAILABILITY = YES_AGGRESSIVE;
				CLANG_WARN_UNREACHABLE_CODE = YES;
				CLANG_WARN__DUPLICATE_METHOD_MATCH = YES;
				COPY_PHASE_STRIP = NO;
				DEBUG_INFORMATION_FORMAT = "dwarf-with-dsym";
				ENABLE_NS_ASSERTIONS = NO;
				ENABLE_STRICT_OBJC_MSGSEND = YES;
				GCC_C_LANGUAGE_STANDARD = gnu11;
				GCC_NO_COMMON_BLOCKS = YES;
				GCC_WARN_64_TO_32_BIT_CONVERSION = YES;
				GCC_WARN_ABOUT_RETURN_TYPE = YES_ERROR;
				GCC_WARN_UNDECLARED_SELECTOR = YES;
				GCC_WARN_UNINITIALIZED_AUTOS = YES_AGGRESSIVE;
				GCC_WARN_UNUSED_FUNCTION = YES;
				GCC_WARN_UNUSED_VARIABLE = YES;
				IPHONEOS_DEPLOYMENT_TARGET = 14.5;
				MTL_ENABLE_DEBUG_INFO = NO;
				MTL_FAST_MATH = YES;
				SDKROOT = iphoneos;
				SWIFT_COMPILATION_MODE = wholemodule;
				SWIFT_OPTIMIZATION_LEVEL = "-O";
				VALIDATE_PRODUCT = YES;
			};
			name = Release;
		};
		11EC198126B32F42008E1125 /* Debug */ = {
			isa = XCBuildConfiguration;
			baseConfigurationReference = A6AED35F9C27909F10FA1458 /* Pods-JWPlayerKit-IssueReproduction.debug.xcconfig */;
			buildSettings = {
				ASSETCATALOG_COMPILER_APPICON_NAME = AppIcon;
				ASSETCATALOG_COMPILER_GLOBAL_ACCENT_COLOR_NAME = AccentColor;
				CODE_SIGN_STYLE = Automatic;
				DEVELOPMENT_TEAM = 8VC65F749H;
				INFOPLIST_FILE = "JWPlayerKit-IssueReproduction/Info.plist";
				LD_RUNPATH_SEARCH_PATHS = (
					"$(inherited)",
					"@executable_path/Frameworks",
				);
				PRODUCT_BUNDLE_IDENTIFIER = "com.issue.reproduction.JWPlayerKit-IssueReproduction";
				PRODUCT_NAME = "$(TARGET_NAME)";
				SWIFT_VERSION = 5.0;
				TARGETED_DEVICE_FAMILY = "1,2";
			};
			name = Debug;
		};
		11EC198226B32F42008E1125 /* Release */ = {
			isa = XCBuildConfiguration;
			baseConfigurationReference = 76A015716535DDFCE82E43F0 /* Pods-JWPlayerKit-IssueReproduction.release.xcconfig */;
			buildSettings = {
				ASSETCATALOG_COMPILER_APPICON_NAME = AppIcon;
				ASSETCATALOG_COMPILER_GLOBAL_ACCENT_COLOR_NAME = AccentColor;
				CODE_SIGN_STYLE = Automatic;
				DEVELOPMENT_TEAM = 8VC65F749H;
				INFOPLIST_FILE = "JWPlayerKit-IssueReproduction/Info.plist";
				LD_RUNPATH_SEARCH_PATHS = (
					"$(inherited)",
					"@executable_path/Frameworks",
				);
				PRODUCT_BUNDLE_IDENTIFIER = "com.issue.reproduction.JWPlayerKit-IssueReproduction";
				PRODUCT_NAME = "$(TARGET_NAME)";
				SWIFT_VERSION = 5.0;
				TARGETED_DEVICE_FAMILY = "1,2";
			};
			name = Release;
		};
/* End XCBuildConfiguration section */

/* Begin XCConfigurationList section */
		11EC196726B32F3E008E1125 /* Build configuration list for PBXProject "JWPlayerKit-IssueReproduction" */ = {
			isa = XCConfigurationList;
			buildConfigurations = (
				11EC197E26B32F42008E1125 /* Debug */,
				11EC197F26B32F42008E1125 /* Release */,
			);
			defaultConfigurationIsVisible = 0;
			defaultConfigurationName = Release;
		};
		11EC198026B32F42008E1125 /* Build configuration list for PBXNativeTarget "JWPlayerKit-IssueReproduction" */ = {
			isa = XCConfigurationList;
			buildConfigurations = (
				11EC198126B32F42008E1125 /* Debug */,
				11EC198226B32F42008E1125 /* Release */,
			);
			defaultConfigurationIsVisible = 0;
			defaultConfigurationName = Release;
		};
/* End XCConfigurationList section */
	};
	rootObject = 11EC196426B32F3E008E1125 /* Project object */;
}
